Microsoft Visual Studio Solution File, Format Version 12.00
# Visual Studio Version 17
VisualStudioVersion = 17.5.2.0
MinimumVisualStudioVersion = 10.0.40219.1
Project("{FAE04EC0-301F-11D3-BF4B-00C04F79EFBC}") = "Lab3a", "Lab3a\Lab3a.csproj", "{AE0E2055-E59F-8CB1-E1B8-58C87275621E}"
EndProject
Global
	GlobalSection(SolutionConfigurationPlatforms) = preSolution
		Debug|Any CPU = Debug|Any CPU
		Release|Any CPU = Release|Any CPU
	EndGlobalSection
	GlobalSection(ProjectConfigurationPlatforms) = postSolution
		{AE0E2055-E59F-8CB1-E1B8-58C87275621E}.Debug|Any CPU.ActiveCfg = Debug|Any CPU
		{AE0E2055-E59F-8CB1-E1B8-58C87275621E}.Debug|Any CPU.Build.0 = Debug|Any CPU
		{AE0E2055-E59F-8CB1-E1B8-58C87275621E}.Release|Any CPU.ActiveCfg = Release|Any CPU
		{AE0E2055-E59F-8CB1-E1B8-58C87275621E}.Release|Any CPU.Build.0 = Release|Any CPU
	EndGlobalSection
	GlobalSection(SolutionProperties) = preSolution
		HideSolutionNode = FALSE
	EndGlobalSection
	GlobalSection(ExtensibilityGlobals) = postSolution
		SolutionGuid = {285CF2E8-2662-414C-B64D-0F5D69B351B6}
	EndGlobalSection
EndGlobal
